
Microsoft Visual Studio Solution File, Format Version 12.00
# Visual Studio Version 17
VisualStudioVersion = 17.6.33723.286
MinimumVisualStudioVersion = 10.0.40219.1
Project("{9A19103F-16F7-4668-BE54-9A1E7A4F7556}") = "Vetores", "Vetores\Vetores.csproj", "{DC25E54E-0F75-4356-A725-B0ADE2227711}"
EndProject
Project("{9A19103F-16F7-4668-BE54-9A1E7A4F7556}") = "ExVetores", "ExVetores\ExVetores.csproj", "{0852AEE4-F1A4-4210-B744-694B4BF40EAF}"
EndProject
Project("{9A19103F-16F7-4668-BE54-9A1E7A4F7556}") = "FuncParams", "FuncParams\FuncParams.csproj", "{EA58F52C-D86E-4369-B73B-0957E2D74772}"
EndProject
Project("{9A19103F-16F7-4668-BE54-9A1E7A4F7556}") = "Listas", "Listas\Listas.csproj", "{910EA74F-B358-4682-9F5F-1C2E4B5B5099}"
EndProject
Project("{9A19103F-16F7-4668-BE54-9A1E7A4F7556}") = "ExListOfEmployee", "ExListOfEmployee\ExListOfEmployee.csproj", "{9BDFBE26-A598-4773-BDFB-7D9A5D373F34}"
EndProject
Project("{FAE04EC0-301F-11D3-BF4B-00C04F79EFBC}") = "Matriz", "Matriz\Matriz.csproj", "{AE7DC0FC-47AE-4A37-BD12-CC351E71F372}"
EndProject
Global
	GlobalSection(SolutionConfigurationPlatforms) = preSolution
		Debug|Any CPU = Debug|Any CPU
		Release|Any CPU = Release|Any CPU
	EndGlobalSection
	GlobalSection(ProjectConfigurationPlatforms) = postSolution
		{DC25E54E-0F75-4356-A725-B0ADE2227711}.Debug|Any CPU.ActiveCfg = Debug|Any CPU
		{DC25E54E-0F75-4356-A725-B0ADE2227711}.Debug|Any CPU.Build.0 = Debug|Any CPU
		{DC25E54E-0F75-4356-A725-B0ADE2227711}.Release|Any CPU.ActiveCfg = Release|Any CPU
		{DC25E54E-0F75-4356-A725-B0ADE2227711}.Release|Any CPU.Build.0 = Release|Any CPU
		{0852AEE4-F1A4-4210-B744-694B4BF40EAF}.Debug|Any CPU.ActiveCfg = Debug|Any CPU
		{0852AEE4-F1A4-4210-B744-694B4BF40EAF}.Debug|Any CPU.Build.0 = Debug|Any CPU
		{0852AEE4-F1A4-4210-B744-694B4BF40EAF}.Release|Any CPU.ActiveCfg = Release|Any CPU
		{0852AEE4-F1A4-4210-B744-694B4BF40EAF}.Release|Any CPU.Build.0 = Release|Any CPU
		{EA58F52C-D86E-4369-B73B-0957E2D74772}.Debug|Any CPU.ActiveCfg = Debug|Any CPU
		{EA58F52C-D86E-4369-B73B-0957E2D74772}.Debug|Any CPU.Build.0 = Debug|Any CPU
		{EA58F52C-D86E-4369-B73B-0957E2D74772}.Release|Any CPU.ActiveCfg = Release|Any CPU
		{EA58F52C-D86E-4369-B73B-0957E2D74772}.Release|Any CPU.Build.0 = Release|Any CPU
		{910EA74F-B358-4682-9F5F-1C2E4B5B5099}.Debug|Any CPU.ActiveCfg = Debug|Any CPU
		{910EA74F-B358-4682-9F5F-1C2E4B5B5099}.Debug|Any CPU.Build.0 = Debug|Any CPU
		{910EA74F-B358-4682-9F5F-1C2E4B5B5099}.Release|Any CPU.ActiveCfg = Release|Any CPU
		{910EA74F-B358-4682-9F5F-1C2E4B5B5099}.Release|Any CPU.Build.0 = Release|Any CPU
		{9BDFBE26-A598-4773-BDFB-7D9A5D373F34}.Debug|Any CPU.ActiveCfg = Debug|Any CPU
		{9BDFBE26-A598-4773-BDFB-7D9A5D373F34}.Debug|Any CPU.Build.0 = Debug|Any CPU
		{9BDFBE26-A598-4773-BDFB-7D9A5D373F34}.Release|Any CPU.ActiveCfg = Release|Any CPU
		{9BDFBE26-A598-4773-BDFB-7D9A5D373F34}.Release|Any CPU.Build.0 = Release|Any CPU
		{AE7DC0FC-47AE-4A37-BD12-CC351E71F372}.Debug|Any CPU.ActiveCfg = Debug|Any CPU
		{AE7DC0FC-47AE-4A37-BD12-CC351E71F372}.Debug|Any CPU.Build.0 = Debug|Any CPU
		{AE7DC0FC-47AE-4A37-BD12-CC351E71F372}.Release|Any CPU.ActiveCfg = Release|Any CPU
		{AE7DC0FC-47AE-4A37-BD12-CC351E71F372}.Release|Any CPU.Build.0 = Release|Any CPU
	EndGlobalSection
	GlobalSection(SolutionProperties) = preSolution
		HideSolutionNode = FALSE
	EndGlobalSection
	GlobalSection(ExtensibilityGlobals) = postSolution
		SolutionGuid = {E2BC580E-5E55-4F55-A184-2D054939064A}
	EndGlobalSection
EndGlobal
