
Microsoft Visual Studio Solution File, Format Version 12.00
# Visual Studio Version 17
VisualStudioVersion = 17.6.33723.286
MinimumVisualStudioVersion = 10.0.40219.1
Project("{9A19103F-16F7-4668-BE54-9A1E7A4F7556}") = "Section4Classes", "Section4Classes\Section4Classes.csproj", "{1701260F-F68B-492D-BAF2-E550D71F75B3}"
EndProject
Project("{9A19103F-16F7-4668-BE54-9A1E7A4F7556}") = "FirstClassEx", "FirstClassEx\FirstClassEx.csproj", "{9AC7390E-28F5-4362-85D6-D235EACA1C6B}"
EndProject
Project("{9A19103F-16F7-4668-BE54-9A1E7A4F7556}") = "SecondClassEx", "SecondClassEx\SecondClassEx.csproj", "{4373E7CE-3862-43ED-B3DD-DFB3A3C2994F}"
EndProject
Project("{FAE04EC0-301F-11D3-BF4B-00C04F79EFBC}") = "ProdutosEmEstoque", "ProdutosEmEstoque\ProdutosEmEstoque.csproj", "{E1A8E650-AF85-48CF-BD49-9E4D3580B55F}"
EndProject
Project("{FAE04EC0-301F-11D3-BF4B-00C04F79EFBC}") = "PropriedadesRetangulo", "PropriedadesRetangulo\PropriedadesRetangulo.csproj", "{36134821-3171-43F4-9575-8D6F80213EDB}"
EndProject
Project("{FAE04EC0-301F-11D3-BF4B-00C04F79EFBC}") = "Salarios", "Salarios\Salarios.csproj", "{C4F513AD-025B-4F30-958D-66223443533F}"
EndProject
Project("{FAE04EC0-301F-11D3-BF4B-00C04F79EFBC}") = "Notas", "Notas\Notas.csproj", "{FC130CE8-D0F4-49F6-8885-7322C847233C}"
EndProject
Global
	GlobalSection(SolutionConfigurationPlatforms) = preSolution
		Debug|Any CPU = Debug|Any CPU
		Release|Any CPU = Release|Any CPU
	EndGlobalSection
	GlobalSection(ProjectConfigurationPlatforms) = postSolution
		{1701260F-F68B-492D-BAF2-E550D71F75B3}.Debug|Any CPU.ActiveCfg = Debug|Any CPU
		{1701260F-F68B-492D-BAF2-E550D71F75B3}.Debug|Any CPU.Build.0 = Debug|Any CPU
		{1701260F-F68B-492D-BAF2-E550D71F75B3}.Release|Any CPU.ActiveCfg = Release|Any CPU
		{1701260F-F68B-492D-BAF2-E550D71F75B3}.Release|Any CPU.Build.0 = Release|Any CPU
		{9AC7390E-28F5-4362-85D6-D235EACA1C6B}.Debug|Any CPU.ActiveCfg = Debug|Any CPU
		{9AC7390E-28F5-4362-85D6-D235EACA1C6B}.Debug|Any CPU.Build.0 = Debug|Any CPU
		{9AC7390E-28F5-4362-85D6-D235EACA1C6B}.Release|Any CPU.ActiveCfg = Release|Any CPU
		{9AC7390E-28F5-4362-85D6-D235EACA1C6B}.Release|Any CPU.Build.0 = Release|Any CPU
		{4373E7CE-3862-43ED-B3DD-DFB3A3C2994F}.Debug|Any CPU.ActiveCfg = Debug|Any CPU
		{4373E7CE-3862-43ED-B3DD-DFB3A3C2994F}.Debug|Any CPU.Build.0 = Debug|Any CPU
		{4373E7CE-3862-43ED-B3DD-DFB3A3C2994F}.Release|Any CPU.ActiveCfg = Release|Any CPU
		{4373E7CE-3862-43ED-B3DD-DFB3A3C2994F}.Release|Any CPU.Build.0 = Release|Any CPU
		{E1A8E650-AF85-48CF-BD49-9E4D3580B55F}.Debug|Any CPU.ActiveCfg = Debug|Any CPU
		{E1A8E650-AF85-48CF-BD49-9E4D3580B55F}.Debug|Any CPU.Build.0 = Debug|Any CPU
		{E1A8E650-AF85-48CF-BD49-9E4D3580B55F}.Release|Any CPU.ActiveCfg = Release|Any CPU
		{E1A8E650-AF85-48CF-BD49-9E4D3580B55F}.Release|Any CPU.Build.0 = Release|Any CPU
		{36134821-3171-43F4-9575-8D6F80213EDB}.Debug|Any CPU.ActiveCfg = Debug|Any CPU
		{36134821-3171-43F4-9575-8D6F80213EDB}.Debug|Any CPU.Build.0 = Debug|Any CPU
		{36134821-3171-43F4-9575-8D6F80213EDB}.Release|Any CPU.ActiveCfg = Release|Any CPU
		{36134821-3171-43F4-9575-8D6F80213EDB}.Release|Any CPU.Build.0 = Release|Any CPU
		{C4F513AD-025B-4F30-958D-66223443533F}.Debug|Any CPU.ActiveCfg = Debug|Any CPU
		{C4F513AD-025B-4F30-958D-66223443533F}.Debug|Any CPU.Build.0 = Debug|Any CPU
		{C4F513AD-025B-4F30-958D-66223443533F}.Release|Any CPU.ActiveCfg = Release|Any CPU
		{C4F513AD-025B-4F30-958D-66223443533F}.Release|Any CPU.Build.0 = Release|Any CPU
		{FC130CE8-D0F4-49F6-8885-7322C847233C}.Debug|Any CPU.ActiveCfg = Debug|Any CPU
		{FC130CE8-D0F4-49F6-8885-7322C847233C}.Debug|Any CPU.Build.0 = Debug|Any CPU
		{FC130CE8-D0F4-49F6-8885-7322C847233C}.Release|Any CPU.ActiveCfg = Release|Any CPU
		{FC130CE8-D0F4-49F6-8885-7322C847233C}.Release|Any CPU.Build.0 = Release|Any CPU
	EndGlobalSection
	GlobalSection(SolutionProperties) = preSolution
		HideSolutionNode = FALSE
	EndGlobalSection
	GlobalSection(ExtensibilityGlobals) = postSolution
		SolutionGuid = {63ACE609-1689-4305-B855-798CB5436F88}
	EndGlobalSection
EndGlobal
